# This file is automatically @generated by Cargo.
# It is not intended for manual editing.
version = 4

[[package]]
name = "https-an"
version = "0.1.0"
dependencies = [
 "video",
]

[[package]]
name = "video"
version = "0.1.1"
source = "registry+https://github.com/rust-lang/crates.io-index"
checksum = "d4476dfa81e3ac4bce9c79ed46498f555e0d086b29d1d7d4577437e698e1441a"
